
Microsoft Visual Studio Solution File, Format Version 12.00
# Visual Studio Version 17
VisualStudioVersion = 17.11.35005.142
MinimumVisualStudioVersion = 10.0.40219.1
Project("{FAE04EC0-301F-11D3-BF4B-00C04F79EFBC}") = "Grafes-if", "Grafes-if.csproj", "{22BB0D7C-6898-4910-AF5E-1ADFBF4BA1D4}"
EndProject
Global
	GlobalSection(SolutionConfigurationPlatforms) = preSolution
		Debug|Any CPU = Debug|Any CPU
		Release|Any CPU = Release|Any CPU
	EndGlobalSection
	GlobalSection(ProjectConfigurationPlatforms) = postSolution
		{22BB0D7C-6898-4910-AF5E-1ADFBF4BA1D4}.Debug|Any CPU.ActiveCfg = Debug|Any CPU
		{22BB0D7C-6898-4910-AF5E-1ADFBF4BA1D4}.Debug|Any CPU.Build.0 = Debug|Any CPU
		{22BB0D7C-6898-4910-AF5E-1ADFBF4BA1D4}.Release|Any CPU.ActiveCfg = Release|Any CPU
		{22BB0D7C-6898-4910-AF5E-1ADFBF4BA1D4}.Release|Any CPU.Build.0 = Release|Any CPU
	EndGlobalSection
	GlobalSection(SolutionProperties) = preSolution
		HideSolutionNode = FALSE
	EndGlobalSection
	GlobalSection(ExtensibilityGlobals) = postSolution
		SolutionGuid = {EF204E89-6526-464C-9E61-843282F46A1A}
	EndGlobalSection
EndGlobal
